Microsoft Visual Studio Solution File, Format Version 11.00
# Visual Studio 2008

Project("{53CFBE43-34E1-550B-D520-1DFFFB627317}") = "Casey", "Assembly-CSharp.csproj", "{279963E3-0C24-7E5C-685D-B30EC9526F28}"
EndProject
Global
	GlobalSection(SolutionConfigurationPlatforms) = preSolution
		Debug|Any CPU = Debug|Any CPU
		Release|Any CPU = Release|Any CPU
	EndGlobalSection
	GlobalSection(ProjectConfigurationPlatforms) = postSolution
		{279963E3-0C24-7E5C-685D-B30EC9526F28}.Debug|Any CPU.ActiveCfg = Debug|Any CPU
		{279963E3-0C24-7E5C-685D-B30EC9526F28}.Debug|Any CPU.Build.0 = Debug|Any CPU
		{279963E3-0C24-7E5C-685D-B30EC9526F28}.Release|Any CPU.ActiveCfg = Release|Any CPU
		{279963E3-0C24-7E5C-685D-B30EC9526F28}.Release|Any CPU.Build.0 = Release|Any CPU
	EndGlobalSection
	GlobalSection(SolutionProperties) = preSolution
		HideSolutionNode = FALSE
	EndGlobalSection
	GlobalSection(MonoDevelopProperties) = preSolution
		StartupItem = Assembly-CSharp.csproj
	EndGlobalSection
EndGlobal
